
Microsoft Visual Studio Solution File, Format Version 12.00
Project("{FAE04EC0-301F-11D3-BF4B-00C04F79EFBC}") = "Lulitaire", "Lulitaire\Lulitaire.csproj", "{8B0DE288-92AB-488D-91D2-C7C837F275A9}"
EndProject
Project("{FAE04EC0-301F-11D3-BF4B-00C04F79EFBC}") = "Infrastructure", "Infrastructure\Infrastructure.csproj", "{A18856BF-1D51-46B7-B5B8-628403BC64D6}"
EndProject
Project("{FAE04EC0-301F-11D3-BF4B-00C04F79EFBC}") = "Domain", "Domain\Domain.csproj", "{2929F204-B0B7-46FC-892A-6A7DCF4B9C70}"
EndProject
Project("{FAE04EC0-301F-11D3-BF4B-00C04F79EFBC}") = "Application", "Application\Application.csproj", "{9DBBCEA0-3565-4CF2-8556-0736C90A15A8}"
EndProject
Global
	GlobalSection(SolutionConfigurationPlatforms) = preSolution
		Debug|Any CPU = Debug|Any CPU
		Release|Any CPU = Release|Any CPU
	EndGlobalSection
	GlobalSection(ProjectConfigurationPlatforms) = postSolution
		{8B0DE288-92AB-488D-91D2-C7C837F275A9}.Debug|Any CPU.ActiveCfg = Debug|Any CPU
		{8B0DE288-92AB-488D-91D2-C7C837F275A9}.Debug|Any CPU.Build.0 = Debug|Any CPU
		{8B0DE288-92AB-488D-91D2-C7C837F275A9}.Release|Any CPU.ActiveCfg = Release|Any CPU
		{8B0DE288-92AB-488D-91D2-C7C837F275A9}.Release|Any CPU.Build.0 = Release|Any CPU
		{A18856BF-1D51-46B7-B5B8-628403BC64D6}.Debug|Any CPU.ActiveCfg = Debug|Any CPU
		{A18856BF-1D51-46B7-B5B8-628403BC64D6}.Debug|Any CPU.Build.0 = Debug|Any CPU
		{A18856BF-1D51-46B7-B5B8-628403BC64D6}.Release|Any CPU.ActiveCfg = Release|Any CPU
		{A18856BF-1D51-46B7-B5B8-628403BC64D6}.Release|Any CPU.Build.0 = Release|Any CPU
		{2929F204-B0B7-46FC-892A-6A7DCF4B9C70}.Debug|Any CPU.ActiveCfg = Debug|Any CPU
		{2929F204-B0B7-46FC-892A-6A7DCF4B9C70}.Debug|Any CPU.Build.0 = Debug|Any CPU
		{2929F204-B0B7-46FC-892A-6A7DCF4B9C70}.Release|Any CPU.ActiveCfg = Release|Any CPU
		{2929F204-B0B7-46FC-892A-6A7DCF4B9C70}.Release|Any CPU.Build.0 = Release|Any CPU
		{9DBBCEA0-3565-4CF2-8556-0736C90A15A8}.Debug|Any CPU.ActiveCfg = Debug|Any CPU
		{9DBBCEA0-3565-4CF2-8556-0736C90A15A8}.Debug|Any CPU.Build.0 = Debug|Any CPU
		{9DBBCEA0-3565-4CF2-8556-0736C90A15A8}.Release|Any CPU.ActiveCfg = Release|Any CPU
		{9DBBCEA0-3565-4CF2-8556-0736C90A15A8}.Release|Any CPU.Build.0 = Release|Any CPU
	EndGlobalSection
EndGlobal
